{
    "_readme": [
        "This file locks the dependencies of your project to a known state",
        "Read more about it at https://getcomposer.org/doc/01-basic-usage.md#composer-lock-the-lock-file",
        "This file is @generated automatically"
    ],
    "content-hash": "dc134637c4e4a63b77d7f1565eabd770",
    "packages": [
        {
            "name": "animelist/mal-api",
            "version": "dev-master",
            "source": {
                "type": "git",
                "url": "https://github.com/animelist/mal-api.git",
                "reference": "ed7002b457125f6afe9936c93ca0628d0e6101c0"
            },
            "dist": {
                "type": "zip",
                "url": "https://api.github.com/repos/animelist/mal-api/zipball/ed7002b457125f6afe9936c93ca0628d0e6101c0",
                "reference": "ed7002b457125f6afe9936c93ca0628d0e6101c0",
                "shasum": ""
            },
            "require": {
                "nxnx/net-helper": "^1.0",
                "nxnx/spec-parser": "^1.0",
                "php": ">=5.5.0",
                "pimple/pimple": "^3.0"
            },
            "type": "library",
            "autoload": {
                "psr-4": {
                    "MalApi\\": "src/"
                }
            },
            "notification-url": "https://packagist.org/downloads/",
            "license": [
                "BSD-3-Clause"
            ],
            "authors": [
                {
                    "name": "Andrei",
                    "email": "n0at0x@gmail.com",
                    "role": "Developer"
                }
            ],
            "description": "MyAnimeList.net (un)official API",
            "keywords": [
                "MyAnimeList.net",
                "animelist",
                "api",
                "myanimelist",
                "official",
                "unofficial"
            ],
            "time": "2016-11-27T17:52:16+00:00"
        },
        {
            "name": "electrolinux/phpquery",
            "version": "0.9.6",
            "source": {
                "type": "git",
                "url": "https://github.com/electrolinux/phpquery.git",
                "reference": "6cb8afcfe8cd4ce45f2f8c27d561383037c27a3a"
            },
            "dist": {
                "type": "zip",
                "url": "https://api.github.com/repos/electrolinux/phpquery/zipball/6cb8afcfe8cd4ce45f2f8c27d561383037c27a3a",
                "reference": "6cb8afcfe8cd4ce45f2f8c27d561383037c27a3a",
                "shasum": ""
            },
            "type": "library",
            "autoload": {
                "classmap": [
                    "phpQuery/"
                ]
            },
            "notification-url": "https://packagist.org/downloads/",
            "license": [
                "MIT"
            ],
            "authors": [
                {
                    "name": "Tobiasz Cudnik",
                    "email": "tobiasz.cudnik@gmail.com",
                    "homepage": "https://github.com/TobiaszCudnik",
                    "role": "Developer"
                },
                {
                    "name": "didier Belot",
                    "role": "Packager"
                }
            ],
            "description": "phpQuery is a server-side, chainable, CSS3 selector driven Document Object Model (DOM) API based on jQuery JavaScript Library",
            "homepage": "http://code.google.com/p/phpquery/",
            "time": "2013-03-21T12:39:33+00:00"
        },
        {
            "name": "jikan-me/jikan",
            "version": "dev-master",
            "source": {
                "type": "git",
                "url": "https://github.com/jikan-me/jikan.git",
                "reference": "a5afc89f2b6a3ab35d7277fad1d6fec9cf802c61"
            },
            "dist": {
                "type": "zip",
                "url": "https://api.github.com/repos/jikan-me/jikan/zipball/a5afc89f2b6a3ab35d7277fad1d6fec9cf802c61",
                "reference": "a5afc89f2b6a3ab35d7277fad1d6fec9cf802c61",
                "shasum": ""
            },
            "type": "library",
            "autoload": {
                "psr-4": {
                    "Jikan\\": [
                        "src"
                    ]
                }
            },
            "notification-url": "https://packagist.org/downloads/",
            "license": [
                "MIT"
            ],
            "authors": [
                {
                    "name": "Irfan",
                    "email": "irfan@jikan.moe"
                }
            ],
            "description": "Jikan is an unofficial MyAnimeList API",
            "time": "2018-04-19T14:21:27+00:00"
        },
        {
            "name": "mustache/mustache",
            "version": "dev-master",
            "source": {
                "type": "git",
                "url": "https://github.com/bobthecow/mustache.php.git",
                "reference": "fe8fe72e9d580591854de404cc59a1b83ca4d19e"
            },
            "dist": {
                "type": "zip",
                "url": "https://api.github.com/repos/bobthecow/mustache.php/zipball/fe8fe72e9d580591854de404cc59a1b83ca4d19e",
                "reference": "fe8fe72e9d580591854de404cc59a1b83ca4d19e",
                "shasum": ""
            },
            "require": {
                "php": ">=5.2.4"
            },
            "require-dev": {
                "friendsofphp/php-cs-fixer": "~1.11",
                "phpunit/phpunit": "~3.7|~4.0|~5.0"
            },
            "type": "library",
            "autoload": {
                "psr-0": {
                    "Mustache": "src/"
                }
            },
            "notification-url": "https://packagist.org/downloads/",
            "license": [
                "MIT"
            ],
            "authors": [
                {
                    "name": "Justin Hileman",
                    "email": "justin@justinhileman.info",
                    "homepage": "http://justinhileman.com"
                }
            ],
            "description": "A Mustache implementation in PHP.",
            "homepage": "https://github.com/bobthecow/mustache.php",
            "keywords": [
                "mustache",
                "templating"
            ],
            "time": "2017-07-11T12:54:05+00:00"
        },
        {
            "name": "nxnx/net-helper",
            "version": "1.0.0",
            "source": {
                "type": "git",
                "url": "https://github.com/nxnx/net-helper.git",
                "reference": "6a0e1167921327d263ce14d31df8c185841e75cc"
            },
            "dist": {
                "type": "zip",
                "url": "https://api.github.com/repos/nxnx/net-helper/zipball/6a0e1167921327d263ce14d31df8c185841e75cc",
                "reference": "6a0e1167921327d263ce14d31df8c185841e75cc",
                "shasum": ""
            },
            "require": {
                "php": ">=5.5.0"
            },
            "type": "library",
            "autoload": {
                "psr-4": {
                    "NetHelper\\": "src/"
                }
            },
            "notification-url": "https://packagist.org/downloads/",
            "license": [
                "BSD-3-Clause"
            ],
            "authors": [
                {
                    "name": "Andrei",
                    "email": "n0at0x@gmail.com",
                    "role": "Developer"
                }
            ],
            "description": "net helper for my specific needs",
            "time": "2016-11-26T00:29:44+00:00"
        },
        {
            "name": "nxnx/spec-parser",
            "version": "1.0.0",
            "source": {
                "type": "git",
                "url": "https://github.com/nxnx/spec-parser.git",
                "reference": "1c8a2c06188162b7ba6e8793555650686fbc473a"
            },
            "dist": {
                "type": "zip",
                "url": "https://api.github.com/repos/nxnx/spec-parser/zipball/1c8a2c06188162b7ba6e8793555650686fbc473a",
                "reference": "1c8a2c06188162b7ba6e8793555650686fbc473a",
                "shasum": ""
            },
            "require": {
                "electrolinux/phpquery": "^0.9.6",
                "nxnx/net-helper": "^1.0",
                "php": ">=5.5.0",
                "pimple/pimple": "^3.0"
            },
            "type": "library",
            "autoload": {
                "psr-4": {
                    "SpecParser\\": "src/"
                }
            },
            "notification-url": "https://packagist.org/downloads/",
            "license": [
                "BSD-3-Clause"
            ],
            "authors": [
                {
                    "name": "Andrei",
                    "email": "n0at0x@gmail.com",
                    "role": "Developer"
                }
            ],
            "description": "parser for my specific needs, based on phpquery",
            "keywords": [
                "parser"
            ],
            "time": "2016-11-27T17:07:41+00:00"
        },
        {
            "name": "pimple/pimple",
            "version": "dev-master",
            "source": {
                "type": "git",
                "url": "https://github.com/silexphp/Pimple.git",
                "reference": "21e3e0dc89183c96fad7f12e09e1d345558e9a56"
            },
            "dist": {
                "type": "zip",
                "url": "https://api.github.com/repos/silexphp/Pimple/zipball/21e3e0dc89183c96fad7f12e09e1d345558e9a56",
                "reference": "21e3e0dc89183c96fad7f12e09e1d345558e9a56",
                "shasum": ""
            },
            "require": {
                "php": ">=5.3.0",
                "psr/container": "^1.0"
            },
            "require-dev": {
                "symfony/phpunit-bridge": "^3.2"
            },
            "type": "library",
            "extra": {
                "branch-alias": {
                    "dev-master": "3.2.x-dev"
                }
            },
            "autoload": {
                "psr-0": {
                    "Pimple": "src/"
                }
            },
            "notification-url": "https://packagist.org/downloads/",
            "license": [
                "MIT"
            ],
            "authors": [
                {
                    "name": "Fabien Potencier",
                    "email": "fabien@symfony.com"
                }
            ],
            "description": "Pimple, a simple Dependency Injection Container",
            "homepage": "https://pimple.symfony.com",
            "keywords": [
                "container",
                "dependency injection"
            ],
            "time": "2018-04-20T06:17:25+00:00"
        },
        {
            "name": "psr/container",
            "version": "dev-master",
            "source": {
                "type": "git",
                "url": "https://github.com/php-fig/container.git",
                "reference": "2cc4a01788191489dc7459446ba832fa79a216a7"
            },
            "dist": {
                "type": "zip",
                "url": "https://api.github.com/repos/php-fig/container/zipball/2cc4a01788191489dc7459446ba832fa79a216a7",
                "reference": "2cc4a01788191489dc7459446ba832fa79a216a7",
                "shasum": ""
            },
            "require": {
                "php": ">=5.3.0"
            },
            "type": "library",
            "extra": {
                "branch-alias": {
                    "dev-master": "1.0.x-dev"
                }
            },
            "autoload": {
                "psr-4": {
                    "Psr\\Container\\": "src/"
                }
            },
            "notification-url": "https://packagist.org/downloads/",
            "license": [
                "MIT"
            ],
            "authors": [
                {
                    "name": "PHP-FIG",
                    "homepage": "http://www.php-fig.org/"
                }
            ],
            "description": "Common Container Interface (PHP FIG PSR-11)",
            "homepage": "https://github.com/php-fig/container",
            "keywords": [
                "PSR-11",
                "container",
                "container-interface",
                "container-interop",
                "psr"
            ],
            "time": "2017-06-28T15:35:32+00:00"
        }
    ],
    "packages-dev": [],
    "aliases": [],
    "minimum-stability": "dev",
    "stability-flags": {
        "jikan-me/jikan": 20,
        "mustache/mustache": 20,
        "animelist/mal-api": 20
    },
    "prefer-stable": false,
    "prefer-lowest": false,
    "platform": [],
    "platform-dev": []
}
